// !$*UTF8*$!
{
	archiveVersion = 1;
	classes = {
	};
	objectVersion = 46;
	objects = {

/* Begin PBXBuildFile section */
		EC8FCF341C9883BC00CB062F /* main.m in Sources */ = {isa = PBXBuildFile; fileRef = EC8FCF331C9883BC00CB062F /* main.m */; };
		EC8FCF371C9883BD00CB062F /* AppDelegate.m in Sources */ = {isa = PBXBuildFile; fileRef = EC8FCF361C9883BD00CB062F /* AppDelegate.m */; };
		EC8FCF3A1C9883BD00CB062F /* ViewController.m in Sources */ = {isa = PBXBuildFile; fileRef = EC8FCF391C9883BD00CB062F /* ViewController.m */; };
		EC8FCF3D1C9883BD00CB062F /* Main.storyboard in Resources */ = {isa = PBXBuildFile; fileRef = EC8FCF3B1C9883BD00CB062F /* Main.storyboard */; };
		EC8FCF3F1C9883BD00CB062F /* Assets.xcassets in Resources */ = {isa = PBXBuildFile; fileRef = EC8FCF3E1C9883BD00CB062F /* Assets.xcassets */; };
		EC8FCF421C9883BD00CB062F /* LaunchScreen.storyboard in Resources */ = {isa = PBXBuildFile; fileRef = EC8FCF401C9883BD00CB062F /* LaunchScreen.storyboard */; };
		EC8FCF4D1C9883BD00CB062F /* viperTests.m in Sources */ = {isa = PBXBuildFile; fileRef = EC8FCF4C1C9883BD00CB062F /* viperTests.m */; };
		EC8FCF581C9883BD00CB062F /* viperUITests.m in Sources */ = {isa = PBXBuildFile; fileRef = EC8FCF571C9883BD00CB062F /* viperUITests.m */; };
/* End PBXBuildFile section */

/* Begin PBXContainerItemProxy section */
		EC8FCF491C9883BD00CB062F /* PBXContainerItemProxy */ = {
			isa = PBXContainerItemProxy;
			containerPortal = EC8FCF271C9883BC00CB062F /* Project object */;
			proxyType = 1;
			remoteGlobalIDString = EC8FCF2E1C9883BC00CB062F;
			remoteInfo = viper;
		};
		EC8FCF541C9883BD00CB062F /* PBXContainerItemProxy */ = {
			isa = PBXContainerItemProxy;
			containerPortal = EC8FCF271C9883BC00CB062F /* Project object */;
			proxyType = 1;
			remoteGlobalIDString = EC8FCF2E1C9883BC00CB062F;
			remoteInfo = viper;
		};
/* End PBXContainerItemProxy section */

/* Begin PBXFileReference section */
		EC8FCF2F1C9883BC00CB062F /* viper.app */ = {isa = PBXFileReference; explicitFileType = wrapper.application; includeInIndex = 0; path = viper.app; sourceTree = BUILT_PRODUCTS_DIR; };
		EC8FCF331C9883BC00CB062F /* main.m */ = {isa = PBXFileReference; lastKnownFileType = sourcecode.c.objc; path = main.m; sourceTree = "<group>"; };
		EC8FCF351C9883BC00CB062F /* AppDelegate.h */ = {isa = PBXFileReference; lastKnownFileType = sourcecode.c.h; path = AppDelegate.h; sourceTree = "<group>"; };
		EC8FCF361C9883BD00CB062F /* AppDelegate.m */ = {isa = PBXFileReference; lastKnownFileType = sourcecode.c.objc; path = AppDelegate.m; sourceTree = "<group>"; };
		EC8FCF381C9883BD00CB062F /* ViewController.h */ = {isa = PBXFileReference; lastKnownFileType = sourcecode.c.h; path = ViewController.h; sourceTree = "<group>"; };
		EC8FCF391C9883BD00CB062F /* ViewController.m */ = {isa = PBXFileReference; lastKnownFileType = sourcecode.c.objc; path = ViewController.m; sourceTree = "<group>"; };
		EC8FCF3C1C9883BD00CB062F /* Base */ = {isa = PBXFileReference; lastKnownFileType = file.storyboard; name = Base; path = Base.lproj/Main.storyboard; sourceTree = "<group>"; };
		EC8FCF3E1C9883BD00CB062F /* Assets.xcassets */ = {isa = PBXFileReference; lastKnownFileType = folder.assetcatalog; path = Assets.xcassets; sourceTree = "<group>"; };
		EC8FCF411C9883BD00CB062F /* Base */ = {isa = PBXFileReference; lastKnownFileType = file.storyboard; name = Base; path = Base.lproj/LaunchScreen.storyboard; sourceTree = "<group>"; };
		EC8FCF431C9883BD00CB062F /* Info.plist */ = {isa = PBXFileReference; lastKnownFileType = text.plist.xml; path = Info.plist; sourceTree = "<group>"; };
		EC8FCF481C9883BD00CB062F /* viperTests.xctest */ = {isa = PBXFileReference; explicitFileType = wrapper.cfbundle; includeInIndex = 0; path = viperTests.xctest; sourceTree = BUILT_PRODUCTS_DIR; };
		EC8FCF4C1C9883BD00CB062F /* viperTests.m */ = {isa = PBXFileReference; lastKnownFileType = sourcecode.c.objc; path = viperTests.m; sourceTree = "<group>"; };
		EC8FCF4E1C9883BD00CB062F /* Info.plist */ = {isa = PBXFileReference; lastKnownFileType = text.plist.xml; path = Info.plist; sourceTree = "<group>"; };
		EC8FCF531C9883BD00CB062F /* viperUITests.xctest */ = {isa = PBXFileReference; explicitFileType = wrapper.cfbundle; includeInIndex = 0; path = viperUITests.xctest; sourceTree = BUILT_PRODUCTS_DIR; };
		EC8FCF571C9883BD00CB062F /* viperUITests.m */ = {isa = PBXFileReference; lastKnownFileType = sourcecode.c.objc; path = viperUITests.m; sourceTree = "<group>"; };
		EC8FCF591C9883BD00CB062F /* Info.plist */ = {isa = PBXFileReference; lastKnownFileType = text.plist.xml; path = Info.plist; sourceTree = "<group>"; };
/* End PBXFileReference section */

/* Begin PBXFrameworksBuildPhase section */
		EC8FCF2C1C9883BC00CB062F /* Frameworks */ = {
			isa = PBXFrameworksBuildPhase;
			buildActionMask = 2147483647;
			files = (
			);
			runOnlyForDeploymentPostprocessing = 0;
		};
		EC8FCF451C9883BD00CB062F /* Frameworks */ = {
			isa = PBXFrameworksBuildPhase;
			buildActionMask = 2147483647;
			files = (
			);
			runOnlyForDeploymentPostprocessing = 0;
		};
		EC8FCF501C9883BD00CB062F /* Frameworks */ = {
			isa = PBXFrameworksBuildPhase;
			buildActionMask = 2147483647;
			files = (
			);
			runOnlyForDeploymentPostprocessing = 0;
		};
/* End PBXFrameworksBuildPhase section */

/* Begin PBXGroup section */
		EC8FCF261C9883BC00CB062F = {
			isa = PBXGroup;
			children = (
				EC8FCF311C9883BC00CB062F /* viper */,
				EC8FCF4B1C9883BD00CB062F /* viperTests */,
				EC8FCF561C9883BD00CB062F /* viperUITests */,
				EC8FCF301C9883BC00CB062F /* Products */,
			);
			sourceTree = "<group>";
		};
		EC8FCF301C9883BC00CB062F /* Products */ = {
			isa = PBXGroup;
			children = (
				EC8FCF2F1C9883BC00CB062F /* viper.app */,
				EC8FCF481C9883BD00CB062F /* viperTests.xctest */,
				EC8FCF531C9883BD00CB062F /* viperUITests.xctest */,
			);
			name = Products;
			sourceTree = "<group>";
		};
		EC8FCF311C9883BC00CB062F /* viper */ = {
			isa = PBXGroup;
			children = (
				EC8FCF351C9883BC00CB062F /* AppDelegate.h */,
				EC8FCF361C9883BD00CB062F /* AppDelegate.m */,
				EC8FCF381C9883BD00CB062F /* ViewController.h */,
				EC8FCF391C9883BD00CB062F /* ViewController.m */,
				EC8FCF3B1C9883BD00CB062F /* Main.storyboard */,
				EC8FCF3E1C9883BD00CB062F /* Assets.xcassets */,
				EC8FCF401C9883BD00CB062F /* LaunchScreen.storyboard */,
				EC8FCF431C9883BD00CB062F /* Info.plist */,
				EC8FCF321C9883BC00CB062F /* Supporting Files */,
			);
			path = viper;
			sourceTree = "<group>";
		};
		EC8FCF321C9883BC00CB062F /* Supporting Files */ = {
			isa = PBXGroup;
			children = (
				EC8FCF331C9883BC00CB062F /* main.m */,
			);
			name = "Supporting Files";
			sourceTree = "<group>";
		};
		EC8FCF4B1C9883BD00CB062F /* viperTests */ = {
			isa = PBXGroup;
			children = (
				EC8FCF4C1C9883BD00CB062F /* viperTests.m */,
				EC8FCF4E1C9883BD00CB062F /* Info.plist */,
			);
			path = viperTests;
			sourceTree = "<group>";
		};
		EC8FCF561C9883BD00CB062F /* viperUITests */ = {
			isa = PBXGroup;
			children = (
				EC8FCF571C9883BD00CB062F /* viperUITests.m */,
				EC8FCF591C9883BD00CB062F /* Info.plist */,
			);
			path = viperUITests;
			sourceTree = "<group>";
		};
/* End PBXGroup section */

/* Begin PBXNativeTarget section */
		EC8FCF2E1C9883BC00CB062F /* viper */ = {
			isa = PBXNativeTarget;
			buildConfigurationList = EC8FCF5C1C9883BD00CB062F /* Build configuration list for PBXNativeTarget "viper" */;
			buildPhases = (
				EC8FCF2B1C9883BC00CB062F /* Sources */,
				EC8FCF2C1C9883BC00CB062F /* Frameworks */,
				EC8FCF2D1C9883BC00CB062F /* Resources */,
			);
			buildRules = (
			);
			dependencies = (
			);
			name = viper;
			productName = viper;
			productReference = EC8FCF2F1C9883BC00CB062F /* viper.app */;
			productType = "com.apple.product-type.application";
		};
		EC8FCF471C9883BD00CB062F /* viperTests */ = {
			isa = PBXNativeTarget;
			buildConfigurationList = EC8FCF5F1C9883BD00CB062F /* Build configuration list for PBXNativeTarget "viperTests" */;
			buildPhases = (
				EC8FCF441C9883BD00CB062F /* Sources */,
				EC8FCF451C9883BD00CB062F /* Frameworks */,
				EC8FCF461C9883BD00CB062F /* Resources */,
			);
			buildRules = (
			);
			dependencies = (
				EC8FCF4A1C9883BD00CB062F /* PBXTargetDependency */,
			);
			name = viperTests;
			productName = viperTests;
			productReference = EC8FCF481C9883BD00CB062F /* viperTests.xctest */;
			productType = "com.apple.product-type.bundle.unit-test";
		};
		EC8FCF521C9883BD00CB062F /* viperUITests */ = {
			isa = PBXNativeTarget;
			buildConfigurationList = EC8FCF621C9883BD00CB062F /* Build configuration list for PBXNativeTarget "viperUITests" */;
			buildPhases = (
				EC8FCF4F1C9883BD00CB062F /* Sources */,
				EC8FCF501C9883BD00CB062F /* Frameworks */,
				EC8FCF511C9883BD00CB062F /* Resources */,
			);
			buildRules = (
			);
			dependencies = (
				EC8FCF551C9883BD00CB062F /* PBXTargetDependency */,
			);
			name = viperUITests;
			productName = viperUITests;
			productReference = EC8FCF531C9883BD00CB062F /* viperUITests.xctest */;
			productType = "com.apple.product-type.bundle.ui-testing";
		};
/* End PBXNativeTarget section */

/* Begin PBXProject section */
		EC8FCF271C9883BC00CB062F /* Project object */ = {
			isa = PBXProject;
			attributes = {
				LastUpgradeCheck = 0720;
				ORGANIZATIONNAME = alekoleg;
				TargetAttributes = {
					EC8FCF2E1C9883BC00CB062F = {
						CreatedOnToolsVersion = 7.2.1;
					};
					EC8FCF471C9883BD00CB062F = {
						CreatedOnToolsVersion = 7.2.1;
						TestTargetID = EC8FCF2E1C9883BC00CB062F;
					};
					EC8FCF521C9883BD00CB062F = {
						CreatedOnToolsVersion = 7.2.1;
						TestTargetID = EC8FCF2E1C9883BC00CB062F;
					};
				};
			};
			buildConfigurationList = EC8FCF2A1C9883BC00CB062F /* Build configuration list for PBXProject "viper" */;
			compatibilityVersion = "Xcode 3.2";
			developmentRegion = English;
			hasScannedForEncodings = 0;
			knownRegions = (
				en,
				Base,
			);
			mainGroup = EC8FCF261C9883BC00CB062F;
			productRefGroup = EC8FCF301C9883BC00CB062F /* Products */;
			projectDirPath = "";
			projectRoot = "";
			targets = (
				EC8FCF2E1C9883BC00CB062F /* viper */,
				EC8FCF471C9883BD00CB062F /* viperTests */,
				EC8FCF521C9883BD00CB062F /* viperUITests */,
			);
		};
/* End PBXProject section */

/* Begin PBXResourcesBuildPhase section */
		EC8FCF2D1C9883BC00CB062F /* Resources */ = {
			isa = PBXResourcesBuildPhase;
			buildActionMask = 2147483647;
			files = (
				EC8FCF421C9883BD00CB062F /* LaunchScreen.storyboard in Resources */,
				EC8FCF3F1C9883BD00CB062F /* Assets.xcassets in Resources */,
				EC8FCF3D1C9883BD00CB062F /* Main.storyboard in Resources */,
			);
			runOnlyForDeploymentPostprocessing = 0;
		};
		EC8FCF461C9883BD00CB062F /* Resources */ = {
			isa = PBXResourcesBuildPhase;
			buildActionMask = 2147483647;
			files = (
			);
			runOnlyForDeploymentPostprocessing = 0;
		};
		EC8FCF511C9883BD00CB062F /* Resources */ = {
			isa = PBXResourcesBuildPhase;
			buildActionMask = 2147483647;
			files = (
			);
			runOnlyForDeploymentPostprocessing = 0;
		};
/* End PBXResourcesBuildPhase section */

/* Begin PBXSourcesBuildPhase section */
		EC8FCF2B1C9883BC00CB062F /* Sources */ = {
			isa = PBXSourcesBuildPhase;
			buildActionMask = 2147483647;
			files = (
				EC8FCF3A1C9883BD00CB062F /* ViewController.m in Sources */,
				EC8FCF371C9883BD00CB062F /* AppDelegate.m in Sources */,
				EC8FCF341C9883BC00CB062F /* main.m in Sources */,
			);
			runOnlyForDeploymentPostprocessing = 0;
		};
		EC8FCF441C9883BD00CB062F /* Sources */ = {
			isa = PBXSourcesBuildPhase;
			buildActionMask = 2147483647;
			files = (
				EC8FCF4D1C9883BD00CB062F /* viperTests.m in Sources */,
			);
			runOnlyForDeploymentPostprocessing = 0;
		};
		EC8FCF4F1C9883BD00CB062F /* Sources */ = {
			isa = PBXSourcesBuildPhase;
			buildActionMask = 2147483647;
			files = (
				EC8FCF581C9883BD00CB062F /* viperUITests.m in Sources */,
			);
			runOnlyForDeploymentPostprocessing = 0;
		};
/* End PBXSourcesBuildPhase section */

/* Begin PBXTargetDependency section */
		EC8FCF4A1C9883BD00CB062F /* PBXTargetDependency */ = {
			isa = PBXTargetDependency;
			target = EC8FCF2E1C9883BC00CB062F /* viper */;
			targetProxy = EC8FCF491C9883BD00CB062F /* PBXContainerItemProxy */;
		};
		EC8FCF551C9883BD00CB062F /* PBXTargetDependency */ = {
			isa = PBXTargetDependency;
			target = EC8FCF2E1C9883BC00CB062F /* viper */;
			targetProxy = EC8FCF541C9883BD00CB062F /* PBXContainerItemProxy */;
		};
/* End PBXTargetDependency section */

/* Begin PBXVariantGroup section */
		EC8FCF3B1C9883BD00CB062F /* Main.storyboard */ = {
			isa = PBXVariantGroup;
			children = (
				EC8FCF3C1C9883BD00CB062F /* Base */,
			);
			name = Main.storyboard;
			sourceTree = "<group>";
		};
		EC8FCF401C9883BD00CB062F /* LaunchScreen.storyboard */ = {
			isa = PBXVariantGroup;
			children = (
				EC8FCF411C9883BD00CB062F /* Base */,
			);
			name = LaunchScreen.storyboard;
			sourceTree = "<group>";
		};
/* End PBXVariantGroup section */

/* Begin XCBuildConfiguration section */
		EC8FCF5A1C9883BD00CB062F /* Debug */ = {
			isa = XCBuildConfiguration;
			buildSettings = {
				ALWAYS_SEARCH_USER_PATHS = NO;
				CLANG_CXX_LANGUAGE_STANDARD = "gnu++0x";
				CLANG_CXX_LIBRARY = "libc++";
				CLANG_ENABLE_MODULES = YES;
				CLANG_ENABLE_OBJC_ARC = YES;
				CLANG_WARN_BOOL_CONVERSION = YES;
				CLANG_WARN_CONSTANT_CONVERSION = YES;
				CLANG_WARN_DIRECT_OBJC_ISA_USAGE = YES_ERROR;
				CLANG_WARN_EMPTY_BODY = YES;
				CLANG_WARN_ENUM_CONVERSION = YES;
				CLANG_WARN_INT_CONVERSION = YES;
				CLANG_WARN_OBJC_ROOT_CLASS = YES_ERROR;
				CLANG_WARN_UNREACHABLE_CODE = YES;
				CLANG_WARN__DUPLICATE_METHOD_MATCH = YES;
				"CODE_SIGN_IDENTITY[sdk=iphoneos*]" = "iPhone Developer";
				COPY_PHASE_STRIP = NO;
				DEBUG_INFORMATION_FORMAT = dwarf;
				ENABLE_STRICT_OBJC_MSGSEND = YES;
				ENABLE_TESTABILITY = YES;
				GCC_C_LANGUAGE_STANDARD = gnu99;
				GCC_DYNAMIC_NO_PIC = NO;
				GCC_NO_COMMON_BLOCKS = YES;
				GCC_OPTIMIZATION_LEVEL = 0;
				GCC_PREPROCESSOR_DEFINITIONS = (
					"DEBUG=1",
					"$(inherited)",
				);
				GCC_WARN_64_TO_32_BIT_CONVERSION = YES;
				GCC_WARN_ABOUT_RETURN_TYPE = YES_ERROR;
				GCC_WARN_UNDECLARED_SELECTOR = YES;
				GCC_WARN_UNINITIALIZED_AUTOS = YES_AGGRESSIVE;
				GCC_WARN_UNUSED_FUNCTION = YES;
				GCC_WARN_UNUSED_VARIABLE = YES;
				IPHONEOS_DEPLOYMENT_TARGET = 9.2;
				MTL_ENABLE_DEBUG_INFO = YES;
				ONLY_ACTIVE_ARCH = YES;
				SDKROOT = iphoneos;
				TARGETED_DEVICE_FAMILY = "1,2";
			};
			name = Debug;
		};
		EC8FCF5B1C9883BD00CB062F /* Release */ = {
			isa = XCBuildConfiguration;
			buildSettings = {
				ALWAYS_SEARCH_USER_PATHS = NO;
				CLANG_CXX_LANGUAGE_STANDARD = "gnu++0x";
				CLANG_CXX_LIBRARY = "libc++";
				CLANG_ENABLE_MODULES = YES;
				CLANG_ENABLE_OBJC_ARC = YES;
				CLANG_WARN_BOOL_CONVERSION = YES;
				CLANG_WARN_CONSTANT_CONVERSION = YES;
				CLANG_WARN_DIRECT_OBJC_ISA_USAGE = YES_ERROR;
				CLANG_WARN_EMPTY_BODY = YES;
				CLANG_WARN_ENUM_CONVERSION = YES;
				CLANG_WARN_INT_CONVERSION = YES;
				CLANG_WARN_OBJC_ROOT_CLASS = YES_ERROR;
				CLANG_WARN_UNREACHABLE_CODE = YES;
				CLANG_WARN__DUPLICATE_METHOD_MATCH = YES;
				"CODE_SIGN_IDENTITY[sdk=iphoneos*]" = "iPhone Developer";
				COPY_PHASE_STRIP = NO;
				DEBUG_INFORMATION_FORMAT = "dwarf-with-dsym";
				ENABLE_NS_ASSERTIONS = NO;
				ENABLE_STRICT_OBJC_MSGSEND = YES;
				GCC_C_LANGUAGE_STANDARD = gnu99;
				GCC_NO_COMMON_BLOCKS = YES;
				GCC_WARN_64_TO_32_BIT_CONVERSION = YES;
				GCC_WARN_ABOUT_RETURN_TYPE = YES_ERROR;
				GCC_WARN_UNDECLARED_SELECTOR = YES;
				GCC_WARN_UNINITIALIZED_AUTOS = YES_AGGRESSIVE;
				GCC_WARN_UNUSED_FUNCTION = YES;
				GCC_WARN_UNUSED_VARIABLE = YES;
				IPHONEOS_DEPLOYMENT_TARGET = 9.2;
				MTL_ENABLE_DEBUG_INFO = NO;
				SDKROOT = iphoneos;
				TARGETED_DEVICE_FAMILY = "1,2";
				VALIDATE_PRODUCT = YES;
			};
			name = Release;
		};
		EC8FCF5D1C9883BD00CB062F /* Debug */ = {
			isa = XCBuildConfiguration;
			buildSettings = {
				ASSETCATALOG_COMPILER_APPICON_NAME = AppIcon;
				INFOPLIST_FILE = viper/Info.plist;
				LD_RUNPATH_SEARCH_PATHS = "$(inherited) @executable_path/Frameworks";
				PRODUCT_BUNDLE_IDENTIFIER = com.alekoleg.viper;
				PRODUCT_NAME = "$(TARGET_NAME)";
			};
			name = Debug;
		};
		EC8FCF5E1C9883BD00CB062F /* Release */ = {
			isa = XCBuildConfiguration;
			buildSettings = {
				ASSETCATALOG_COMPILER_APPICON_NAME = AppIcon;
				INFOPLIST_FILE = viper/Info.plist;
				LD_RUNPATH_SEARCH_PATHS = "$(inherited) @executable_path/Frameworks";
				PRODUCT_BUNDLE_IDENTIFIER = com.alekoleg.viper;
				PRODUCT_NAME = "$(TARGET_NAME)";
			};
			name = Release;
		};
		EC8FCF601C9883BD00CB062F /* Debug */ = {
			isa = XCBuildConfiguration;
			buildSettings = {
				BUNDLE_LOADER = "$(TEST_HOST)";
				INFOPLIST_FILE = viperTests/Info.plist;
				LD_RUNPATH_SEARCH_PATHS = "$(inherited) @executable_path/Frameworks @loader_path/Frameworks";
				PRODUCT_BUNDLE_IDENTIFIER = com.alekoleg.viperTests;
				PRODUCT_NAME = "$(TARGET_NAME)";
				TEST_HOST = "$(BUILT_PRODUCTS_DIR)/viper.app/viper";
			};
			name = Debug;
		};
		EC8FCF611C9883BD00CB062F /* Release */ = {
			isa = XCBuildConfiguration;
			buildSettings = {
				BUNDLE_LOADER = "$(TEST_HOST)";
				INFOPLIST_FILE = viperTests/Info.plist;
				LD_RUNPATH_SEARCH_PATHS = "$(inherited) @executable_path/Frameworks @loader_path/Frameworks";
				PRODUCT_BUNDLE_IDENTIFIER = com.alekoleg.viperTests;
				PRODUCT_NAME = "$(TARGET_NAME)";
				TEST_HOST = "$(BUILT_PRODUCTS_DIR)/viper.app/viper";
			};
			name = Release;
		};
		EC8FCF631C9883BD00CB062F /* Debug */ = {
			isa = XCBuildConfiguration;
			buildSettings = {
				INFOPLIST_FILE = viperUITests/Info.plist;
				LD_RUNPATH_SEARCH_PATHS = "$(inherited) @executable_path/Frameworks @loader_path/Frameworks";
				PRODUCT_BUNDLE_IDENTIFIER = com.alekoleg.viperUITests;
				PRODUCT_NAME = "$(TARGET_NAME)";
				TEST_TARGET_NAME = viper;
				USES_XCTRUNNER = YES;
			};
			name = Debug;
		};
		EC8FCF641C9883BD00CB062F /* Release */ = {
			isa = XCBuildConfiguration;
			buildSettings = {
				INFOPLIST_FILE = viperUITests/Info.plist;
				LD_RUNPATH_SEARCH_PATHS = "$(inherited) @executable_path/Frameworks @loader_path/Frameworks";
				PRODUCT_BUNDLE_IDENTIFIER = com.alekoleg.viperUITests;
				PRODUCT_NAME = "$(TARGET_NAME)";
				TEST_TARGET_NAME = viper;
				USES_XCTRUNNER = YES;
			};
			name = Release;
		};
/* End XCBuildConfiguration section */

/* Begin XCConfigurationList section */
		EC8FCF2A1C9883BC00CB062F /* Build configuration list for PBXProject "viper" */ = {
			isa = XCConfigurationList;
			buildConfigurations = (
				EC8FCF5A1C9883BD00CB062F /* Debug */,
				EC8FCF5B1C9883BD00CB062F /* Release */,
			);
			defaultConfigurationIsVisible = 0;
			defaultConfigurationName = Release;
		};
		EC8FCF5C1C9883BD00CB062F /* Build configuration list for PBXNativeTarget "viper" */ = {
			isa = XCConfigurationList;
			buildConfigurations = (
				EC8FCF5D1C9883BD00CB062F /* Debug */,
				EC8FCF5E1C9883BD00CB062F /* Release */,
			);
			defaultConfigurationIsVisible = 0;
		};
		EC8FCF5F1C9883BD00CB062F /* Build configuration list for PBXNativeTarget "viperTests" */ = {
			isa = XCConfigurationList;
			buildConfigurations = (
				EC8FCF601C9883BD00CB062F /* Debug */,
				EC8FCF611C9883BD00CB062F /* Release */,
			);
			defaultConfigurationIsVisible = 0;
		};
		EC8FCF621C9883BD00CB062F /* Build configuration list for PBXNativeTarget "viperUITests" */ = {
			isa = XCConfigurationList;
			buildConfigurations = (
				EC8FCF631C9883BD00CB062F /* Debug */,
				EC8FCF641C9883BD00CB062F /* Release */,
			);
			defaultConfigurationIsVisible = 0;
		};
/* End XCConfigurationList section */
	};
	rootObject = EC8FCF271C9883BC00CB062F /* Project object */;
}
